{
  "name": "TAG",
  "lockfileVersion": 3,
  "requires": true,
  "packages": {
    "": {
      "dependencies": {
        "@azure/msal-browser": "^4.7.0"
      }
    },
    "node_modules/@azure/msal-browser": {
      "version": "4.7.0",
      "resolved": "https://registry.npmjs.org/@azure/msal-browser/-/msal-browser-4.7.0.tgz",
      "integrity": "sha512-H4AIPhIQVe1qW4+BJaitqod6UGQiXE3juj7q2ZBsOPjuZicQaqcbnBp2gCroF/icS0+TJ9rGuyCBJbjlAqVOGA==",
      "license": "MIT",
      "dependencies": {
        "@azure/msal-common": "15.2.1"
      },
      "engines": {
        "node": ">=0.8.0"
      }
    },
    "node_modules/@azure/msal-common": {
      "version": "15.2.1",
      "resolved": "https://registry.npmjs.org/@azure/msal-common/-/msal-common-15.2.1.tgz",
      "integrity": "sha512-eZHtYE5OHDN0o2NahCENkczQ6ffGc0MoUSAI3hpwGpZBHJXaEQMMZPWtIx86da2L9w7uT+Tr/xgJbGwIkvTZTQ==",
      "license": "MIT",
      "engines": {
        "node": ">=0.8.0"
      }
    }
  }
}
